
Microsoft Visual Studio Solution File, Format Version 12.00
Project("{FAE04EC0-301F-11D3-BF4B-00C04F79EFBC}") = "lab6try1", "lab6try1\lab6try1.csproj", "{28ABA7FC-0736-465C-82A0-8638D279FB01}"
EndProject
Global
	GlobalSection(SolutionConfigurationPlatforms) = preSolution
		Debug|Any CPU = Debug|Any CPU
		Release|Any CPU = Release|Any CPU
	EndGlobalSection
	GlobalSection(ProjectConfigurationPlatforms) = postSolution
		{28ABA7FC-0736-465C-82A0-8638D279FB01}.Debug|Any CPU.ActiveCfg = Debug|Any CPU
		{28ABA7FC-0736-465C-82A0-8638D279FB01}.Debug|Any CPU.Build.0 = Debug|Any CPU
		{28ABA7FC-0736-465C-82A0-8638D279FB01}.Release|Any CPU.ActiveCfg = Release|Any CPU
		{28ABA7FC-0736-465C-82A0-8638D279FB01}.Release|Any CPU.Build.0 = Release|Any CPU
	EndGlobalSection
EndGlobal
